PODS:
  - Alamofire (3.3.0)
  - Bolts (1.7.0):
    - Bolts/AppLinks (= 1.7.0)
    - Bolts/Tasks (= 1.7.0)
  - Bolts/AppLinks (1.7.0):
    - Bolts/Tasks
  - Bolts/Tasks (1.7.0)
  - FBSDKCoreKit (4.10.1):
    - Bolts (~> 1.5)
  - FBSDKLoginKit (4.10.1):
    - FBSDKCoreKit
  - FBSDKShareKit (4.10.1):
    - FBSDKCoreKit
  - Realm (0.98.6):
    - Realm/Headers (= 0.98.6)
  - Realm/Headers (0.98.6)
  - RealmSwift (0.98.6):
    - Realm (= 0.98.6)
  - SlideMenuControllerSwift (2.1.0)

DEPENDENCIES:
  - Alamofire
  - FBSDKCoreKit
  - FBSDKLoginKit
  - FBSDKShareKit
  - RealmSwift
  - SlideMenuControllerSwift

SPEC CHECKSUMS:
  Alamofire: d6c212c0a46dd445d303053b468c12de7a2edfe7
  Bolts: a0058fa3b331c5a1e4402d534f2dae36dbff31e4
  FBSDKCoreKit: 0c64f626fd6ca0ff9baab54086bb48275a3ab740
  FBSDKLoginKit: 20e1849dec0393e27bb49447bdd67e742dfadfa9
  FBSDKShareKit: d4aba7cceebba2bb58911a2c0f66ee609cb6cbdb
  Realm: 35e4533b39f7f0871794ff0b8c76f080c629a988
  RealmSwift: 50282b368175fc99861f2e5a0781efbc73546ac2
  SlideMenuControllerSwift: 44ae719714e1d3798062464de9088c0041412aec

COCOAPODS: 0.39.0
