PODS:
  - Alamofire (3.4.0)
  - Bolts (1.7.0):
    - Bolts/AppLinks (= 1.7.0)
    - Bolts/Tasks (= 1.7.0)
  - Bolts/AppLinks (1.7.0):
    - Bolts/Tasks
  - Bolts/Tasks (1.7.0)
  - Crashlytics (3.7.2):
    - Fabric (~> 1.6.3)
  - Fabric (1.6.7)
  - FBSDKCoreKit (4.12.0):
    - Bolts (~> 1.7)
  - FBSDKLoginKit (4.12.0):
    - FBSDKCoreKit
  - FBSDKShareKit (4.12.0):
    - FBSDKCoreKit
  - JSONCodable (2.1)
  - NVActivityIndicatorView (2.7)
  - ObjectMapper (1.3.0)
  - OMGHTTPURLRQ (3.1.2):
    - OMGHTTPURLRQ/RQ (= 3.1.2)
  - OMGHTTPURLRQ/FormURLEncode (3.1.2)
  - OMGHTTPURLRQ/RQ (3.1.2):
    - OMGHTTPURLRQ/FormURLEncode
    - OMGHTTPURLRQ/UserAgent
  - OMGHTTPURLRQ/UserAgent (3.1.2)
  - PromiseKit (3.2.0):
    - PromiseKit/Foundation (= 3.2.0)
    - PromiseKit/QuartzCore (= 3.2.0)
    - PromiseKit/UIKit (= 3.2.0)
  - PromiseKit/CorePromise (3.2.0)
  - PromiseKit/Foundation (3.2.0):
    - OMGHTTPURLRQ (~> 3.1.0)
    - PromiseKit/CorePromise
  - PromiseKit/QuartzCore (3.2.0):
    - PromiseKit/CorePromise
  - PromiseKit/UIKit (3.2.0):
    - PromiseKit/CorePromise
  - Realm (1.0.0):
    - Realm/Headers (= 1.0.0)
  - Realm/Headers (1.0.0)
  - RealmSwift (1.0.0):
    - Realm (= 1.0.0)
  - SlideMenuControllerSwift (2.1.1)
  - SwiftyJSON (2.3.2)
  - TwitterCore (2.1.1):
    - Fabric
  - TwitterKit (2.1.1):
    - TwitterCore (= 2.1.1)

DEPENDENCIES:
  - Alamofire
  - Crashlytics
  - Fabric
  - FBSDKCoreKit
  - FBSDKLoginKit
  - FBSDKShareKit
  - JSONCodable (~> 2.1)
  - NVActivityIndicatorView (~> 2.5)
  - ObjectMapper (~> 1.3)
  - PromiseKit
  - RealmSwift
  - SlideMenuControllerSwift
  - SwiftyJSON
  - TwitterCore
  - TwitterKit

SPEC CHECKSUMS:
  Alamofire: c19a627cefd6a95f840401c49ab1f124e07f54ee
  Bolts: a0058fa3b331c5a1e4402d534f2dae36dbff31e4
  Crashlytics: 130ab943f8c78cda7a814b434f270b2e2c8a3cba
  Fabric: caf7580c725e64db144f610ac65cd60956911dc7
  FBSDKCoreKit: 6e56d5a2a64a755ad4efb5dbeee8f82fb1b99775
  FBSDKLoginKit: 03f68a8d48c2c8bb81d7eb8097973d483543e1f6
  FBSDKShareKit: df1491f064cffc8ebcc3fc8b71be94cc190c728e
  JSONCodable: d3bb8d1323bb4cbc381b16219046c5282565a4f1
  NVActivityIndicatorView: dc80f18fb27ac92f0aa87246cc13dc39ed3e9ee0
  ObjectMapper: 4eb08a726e9791a93b2632049951b56a7c17e471
  OMGHTTPURLRQ: 38316b56d88125c600bcdb16df8329147da2b0ee
  PromiseKit: 1db024241265f428137a9f3c00ff9590740c4be6
  Realm: e15cd8e7c11d3e576f628ba0b7cb855269b4991c
  RealmSwift: 3229306d020d96f83b335f87a0dcbf2cef0e6a2b
  SlideMenuControllerSwift: 82ada9b04e03538c84d034cf1c09e5849c0113f7
  SwiftyJSON: 04ccea08915aa0109039157c7974cf0298da292a
  TwitterCore: abc46da2bc4b76e2c68a74cd8671a071a8e3abbf
  TwitterKit: 38232c31f622db1f26a5952436eaa88d10763fd0

PODFILE CHECKSUM: 1688ba0bc70f8e41008389f3d5e934c4ed563f0f

COCOAPODS: 1.0.1
