// !$*UTF8*$!
{
	archiveVersion = 1;
	classes = {
	};
	objectVersion = 46;
	objects = {

/* Begin PBXBuildFile section */
		3CC1ABCA1CC15E8800E01EE0 /* ProfileViewController.swift in Sources */ = {isa = PBXBuildFile; fileRef = 3CC1ABC91CC15E8800E01EE0 /* ProfileViewController.swift */; };
		3CC1ABCC1CC172E500E01EE0 /* MenuManager.swift in Sources */ = {isa = PBXBuildFile; fileRef = 3CC1ABCB1CC172E500E01EE0 /* MenuManager.swift */; };
		3CC24B711CBC10A100ACC504 /* PendingDonationsDashboardTableViewCell.swift in Sources */ = {isa = PBXBuildFile; fileRef = 3CC24B701CBC10A100ACC504 /* PendingDonationsDashboardTableViewCell.swift */; };
		3CC24B731CBC111F00ACC504 /* PendingDonationsDashboard.swift in Sources */ = {isa = PBXBuildFile; fileRef = 3CC24B721CBC111F00ACC504 /* PendingDonationsDashboard.swift */; };
		3CC24B751CBC244C00ACC504 /* AcceptButton.swift in Sources */ = {isa = PBXBuildFile; fileRef = 3CC24B741CBC244C00ACC504 /* AcceptButton.swift */; };
		3CFDE8161CAD4D8A00D6172B /* LoginProvider.swift in Sources */ = {isa = PBXBuildFile; fileRef = 3CFDE8141CAD4D8A00D6172B /* LoginProvider.swift */; };
		3CFDE8171CAD4D8A00D6172B /* Main.storyboard in Resources */ = {isa = PBXBuildFile; fileRef = 3CFDE8151CAD4D8A00D6172B /* Main.storyboard */; };
		3CFDE8211CAF26CB00D6172B /* DashboardViewCell.swift in Sources */ = {isa = PBXBuildFile; fileRef = 3CFDE8201CAF26CB00D6172B /* DashboardViewCell.swift */; };
		4404F6C01CBD1B2C001B9293 /* UserDriverMock.json in Resources */ = {isa = PBXBuildFile; fileRef = 4404F6BF1CBD1B2C001B9293 /* UserDriverMock.json */; };
		442FE9761CC15CAD0002187D /* UserRegistration.swift in Sources */ = {isa = PBXBuildFile; fileRef = 442FE9751CC15CAD0002187D /* UserRegistration.swift */; };
		442FE9781CC284230002187D /* UserLogin.swift in Sources */ = {isa = PBXBuildFile; fileRef = 442FE9771CC284230002187D /* UserLogin.swift */; };
		443D1DAE1CB6D57500E2E7B9 /* BEBAS___.ttf in Resources */ = {isa = PBXBuildFile; fileRef = 443D1DAA1CB6D57400E2E7B9 /* BEBAS___.ttf */; };
		443D1DAF1CB6D57500E2E7B9 /* BebasNeue.otf in Resources */ = {isa = PBXBuildFile; fileRef = 443D1DAB1CB6D57500E2E7B9 /* BebasNeue.otf */; };
		443D1DB01CB6D57500E2E7B9 /* ColabThi.otf in Resources */ = {isa = PBXBuildFile; fileRef = 443D1DAC1CB6D57500E2E7B9 /* ColabThi.otf */; };
		443D1DB11CB6D57500E2E7B9 /* Deming EP.ttf in Resources */ = {isa = PBXBuildFile; fileRef = 443D1DAD1CB6D57500E2E7B9 /* Deming EP.ttf */; };
		44484DDE1CAFD857002D7233 /* User.swift in Sources */ = {isa = PBXBuildFile; fileRef = 44484DDD1CAFD857002D7233 /* User.swift */; };
		44484DE11CAFD8C0002D7233 /* AuthProvider.swift in Sources */ = {isa = PBXBuildFile; fileRef = 44484DE01CAFD8C0002D7233 /* AuthProvider.swift */; };
		44484DE31CAFDA45002D7233 /* Token.swift in Sources */ = {isa = PBXBuildFile; fileRef = 44484DE21CAFDA45002D7233 /* Token.swift */; };
		44484DE51CAFDED3002D7233 /* HTTPStatusCodes.swift in Sources */ = {isa = PBXBuildFile; fileRef = 44484DE41CAFDED3002D7233 /* HTTPStatusCodes.swift */; };
		44484DE71CAFFECA002D7233 /* UserRouter.swift in Sources */ = {isa = PBXBuildFile; fileRef = 44484DE61CAFFECA002D7233 /* UserRouter.swift */; };
		44573E5B1CAE740C00A5F1C3 /* ApiKeysDist.plist in Resources */ = {isa = PBXBuildFile; fileRef = 44573E5A1CAE740C00A5F1C3 /* ApiKeysDist.plist */; };
		44573E5F1CAEF20D00A5F1C3 /* Location.swift in Sources */ = {isa = PBXBuildFile; fileRef = 44573E5E1CAEF20D00A5F1C3 /* Location.swift */; };
		44573E611CAEF35F00A5F1C3 /* DonationType.swift in Sources */ = {isa = PBXBuildFile; fileRef = 44573E601CAEF35F00A5F1C3 /* DonationType.swift */; };
		44573E631CAEF37400A5F1C3 /* MetaData.swift in Sources */ = {isa = PBXBuildFile; fileRef = 44573E621CAEF37400A5F1C3 /* MetaData.swift */; };
		44573E651CAEF68500A5F1C3 /* Participant.swift in Sources */ = {isa = PBXBuildFile; fileRef = 44573E641CAEF68500A5F1C3 /* Participant.swift */; };
		44638F031CC3D160005379FE /* DonationsOverviewViewController.swift in Sources */ = {isa = PBXBuildFile; fileRef = 44638F021CC3D160005379FE /* DonationsOverviewViewController.swift */; };
		44638F061CC3EDD0005379FE /* UIViewExtensions.swift in Sources */ = {isa = PBXBuildFile; fileRef = 44638F051CC3EDD0005379FE /* UIViewExtensions.swift */; };
		4464177F1CB182AC00F37F17 /* Recipient.swift in Sources */ = {isa = PBXBuildFile; fileRef = 4464177E1CB182AC00F37F17 /* Recipient.swift */; };
		446417811CB1872500F37F17 /* Image.swift in Sources */ = {isa = PBXBuildFile; fileRef = 446417801CB1872500F37F17 /* Image.swift */; };
		447CC8CB1CC9F0980021A3D9 /* DonationViewModel.swift in Sources */ = {isa = PBXBuildFile; fileRef = 447CC8CA1CC9F0980021A3D9 /* DonationViewModel.swift */; };
		44A7250B1CAC444100D676C3 /* BaseRouter.swift in Sources */ = {isa = PBXBuildFile; fileRef = 44A7250A1CAC444100D676C3 /* BaseRouter.swift */; };
		44A7250D1CAC4E3C00D676C3 /* DonationRouter.swift in Sources */ = {isa = PBXBuildFile; fileRef = 44A7250C1CAC4E3C00D676C3 /* DonationRouter.swift */; };
		44A725101CAC559500D676C3 /* Donation.swift in Sources */ = {isa = PBXBuildFile; fileRef = 44A7250F1CAC559500D676C3 /* Donation.swift */; };
		44AA631F1CB3F7AD005E02CC /* MenuTableViewController.swift in Sources */ = {isa = PBXBuildFile; fileRef = 44AA631E1CB3F7AD005E02CC /* MenuTableViewController.swift */; };
		44AEA8741CA9CBC100A52731 /* AppDelegate.swift in Sources */ = {isa = PBXBuildFile; fileRef = 44AEA8731CA9CBC100A52731 /* AppDelegate.swift */; };
		44AEA8761CA9CBC100A52731 /* LoginViewController.swift in Sources */ = {isa = PBXBuildFile; fileRef = 44AEA8751CA9CBC100A52731 /* LoginViewController.swift */; };
		44AEA87B1CA9CBC100A52731 /* Assets.xcassets in Resources */ = {isa = PBXBuildFile; fileRef = 44AEA87A1CA9CBC100A52731 /* Assets.xcassets */; };
		44AEA87E1CA9CBC100A52731 /* LaunchScreen.storyboard in Resources */ = {isa = PBXBuildFile; fileRef = 44AEA87C1CA9CBC100A52731 /* LaunchScreen.storyboard */; };
		44B7EFF91CAD95A600E7C609 /* DrivrAPI.swift in Sources */ = {isa = PBXBuildFile; fileRef = 44B7EFF81CAD95A600E7C609 /* DrivrAPI.swift */; };
		44B7F0001CADAD5B00E7C609 /* DonationRouterTest.swift in Sources */ = {isa = PBXBuildFile; fileRef = 44B7EFFF1CADAD5B00E7C609 /* DonationRouterTest.swift */; };
		44C0CF521CBD670600EA3390 /* Setting.swift in Sources */ = {isa = PBXBuildFile; fileRef = 44C0CF511CBD670600EA3390 /* Setting.swift */; };
		44C0CF561CBD6B9100EA3390 /* UserDonorMock.json in Resources */ = {isa = PBXBuildFile; fileRef = 44C0CF551CBD6B9100EA3390 /* UserDonorMock.json */; };
		44F857731CCAA7C700326293 /* CurrentDonationsDashboard.swift in Sources */ = {isa = PBXBuildFile; fileRef = 44F857721CCAA7C700326293 /* CurrentDonationsDashboard.swift */; };
		634E34291CC84E7100DD48BF /* multiple-circle.png in Resources */ = {isa = PBXBuildFile; fileRef = 634E34261CC84E7100DD48BF /* multiple-circle.png */; };
		634E342A1CC84E7100DD48BF /* multiple-circle@2x.png in Resources */ = {isa = PBXBuildFile; fileRef = 634E34271CC84E7100DD48BF /* multiple-circle@2x.png */; };
		634E342B1CC84E7100DD48BF /* multiple-circle@3x.png in Resources */ = {isa = PBXBuildFile; fileRef = 634E34281CC84E7100DD48BF /* multiple-circle@3x.png */; };
		6352F18E1CC6114B0096FE59 /* directions_icon.pdf in Resources */ = {isa = PBXBuildFile; fileRef = 6352F18D1CC6114B0096FE59 /* directions_icon.pdf */; };
		6365C4711CC4C0CE004ABFF4 /* MapsModel.swift in Sources */ = {isa = PBXBuildFile; fileRef = 6365C4701CC4C0CE004ABFF4 /* MapsModel.swift */; };
		6395C0891CB1D69D0059B5E1 /* DonationMapOverviewVC.swift in Sources */ = {isa = PBXBuildFile; fileRef = 6395C0881CB1D69D0059B5E1 /* DonationMapOverviewVC.swift */; };
		6395C08C1CB1F2B50059B5E1 /* DonorInfo.swift in Sources */ = {isa = PBXBuildFile; fileRef = 6395C08B1CB1F2B50059B5E1 /* DonorInfo.swift */; };
		6395C08E1CB247460059B5E1 /* DonationPin.swift in Sources */ = {isa = PBXBuildFile; fileRef = 6395C08D1CB247460059B5E1 /* DonationPin.swift */; };
		6395C0901CB25D400059B5E1 /* MapsDummyData.swift in Sources */ = {isa = PBXBuildFile; fileRef = 6395C08F1CB25D400059B5E1 /* MapsDummyData.swift */; };
		6395C0921CB83DE60059B5E1 /* Portland-BridgePortBrewPub.gpx in Resources */ = {isa = PBXBuildFile; fileRef = 6395C0911CB83DE60059B5E1 /* Portland-BridgePortBrewPub.gpx */; };
		639F7E211CB87213009EC623 /* LocationManager.swift in Sources */ = {isa = PBXBuildFile; fileRef = 639F7E201CB87213009EC623 /* LocationManager.swift */; };
		639F7E231CB875A7009EC623 /* TempLocationVC.swift in Sources */ = {isa = PBXBuildFile; fileRef = 639F7E221CB875A7009EC623 /* TempLocationVC.swift */; };
		639F7E251CB9730B009EC623 /* DriverMapDetailPendingVC.swift in Sources */ = {isa = PBXBuildFile; fileRef = 639F7E241CB9730B009EC623 /* DriverMapDetailPendingVC.swift */; };
		63CAF7F41CC29BC4000D89A1 /* dropoff_icon.pdf in Resources */ = {isa = PBXBuildFile; fileRef = 63CAF7F21CC29BC4000D89A1 /* dropoff_icon.pdf */; };
		63CAF7F51CC29BC4000D89A1 /* pickup_icon.pdf in Resources */ = {isa = PBXBuildFile; fileRef = 63CAF7F31CC29BC4000D89A1 /* pickup_icon.pdf */; };
		63FB1DA41CBE312C00EDB80F /* DriverMapPickupVC.swift in Sources */ = {isa = PBXBuildFile; fileRef = 63FB1DA31CBE312C00EDB80F /* DriverMapPickupVC.swift */; };
		69BBC19CAFAE9CEC7A5EECCE /* Pods_hackathon_for_hunger.framework in Frameworks */ = {isa = PBXBuildFile; fileRef = 4809E5DB080879951A7B12E9 /* Pods_hackathon_for_hunger.framework */; };
		EAAD23BA1CB37FDB005FD787 /* SignUpViewController.swift in Sources */ = {isa = PBXBuildFile; fileRef = EAAD23B91CB37FDB005FD787 /* SignUpViewController.swift */; };
		EAAD23BC1CB37FF8005FD787 /* VSUserInfoViewController.swift in Sources */ = {isa = PBXBuildFile; fileRef = EAAD23BB1CB37FF8005FD787 /* VSUserInfoViewController.swift */; };
		EAAD23BE1CB38014005FD787 /* VSAccountInfoViewController.swift in Sources */ = {isa = PBXBuildFile; fileRef = EAAD23BD1CB38014005FD787 /* VSAccountInfoViewController.swift */; };
		EAAD23C01CB38028005FD787 /* DSUserInfoViewController.swift in Sources */ = {isa = PBXBuildFile; fileRef = EAAD23BF1CB38028005FD787 /* DSUserInfoViewController.swift */; };
		EAAD23C21CB3803A005FD787 /* DSAccountInfoViewController.swift in Sources */ = {isa = PBXBuildFile; fileRef = EAAD23C11CB3803A005FD787 /* DSAccountInfoViewController.swift */; };
		EAAD23C41CB389AC005FD787 /* SignUpNavigationViewController.swift in Sources */ = {isa = PBXBuildFile; fileRef = EAAD23C31CB389AC005FD787 /* SignUpNavigationViewController.swift */; };
		EAAD23C61CB72E3F005FD787 /* AwaitingApprovalDriverViewController.swift in Sources */ = {isa = PBXBuildFile; fileRef = EAAD23C51CB72E3F005FD787 /* AwaitingApprovalDriverViewController.swift */; };
		EAFEDF9A1CC2E26800C30693 /* DonorSignupInfo.swift in Sources */ = {isa = PBXBuildFile; fileRef = EAFEDF991CC2E26800C30693 /* DonorSignupInfo.swift */; };
		F7AFF7E51CBAD430008C6004 /* ApiKeys.plist in Resources */ = {isa = PBXBuildFile; fileRef = 6395C0861CB1D34A0059B5E1 /* ApiKeys.plist */; };
		F7AFF7E61CBAF252008C6004 /* ApiKeys.plist in Resources */ = {isa = PBXBuildFile; fileRef = 6395C0861CB1D34A0059B5E1 /* ApiKeys.plist */; };
/* End PBXBuildFile section */

/* Begin PBXContainerItemProxy section */
		44AEA8851CA9CBC100A52731 /* PBXContainerItemProxy */ = {
			isa = PBXContainerItemProxy;
			containerPortal = 44AEA8681CA9CBC100A52731 /* Project object */;
			proxyType = 1;
			remoteGlobalIDString = 44AEA86F1CA9CBC100A52731;
			remoteInfo = "hackathon-for-hunger";
		};
/* End PBXContainerItemProxy section */

/* Begin PBXFileReference section */
		3CC1ABC91CC15E8800E01EE0 /* ProfileViewController.swift */ = {isa = PBXFileReference; fileEncoding = 4; lastKnownFileType = sourcecode.swift; path = ProfileViewController.swift; sourceTree = "<group>"; };
		3CC1ABCB1CC172E500E01EE0 /* MenuManager.swift */ = {isa = PBXFileReference; fileEncoding = 4; lastKnownFileType = sourcecode.swift; path = MenuManager.swift; sourceTree = "<group>"; };
		3CC24B701CBC10A100ACC504 /* PendingDonationsDashboardTableViewCell.swift */ = {isa = PBXFileReference; fileEncoding = 4; lastKnownFileType = sourcecode.swift; path = PendingDonationsDashboardTableViewCell.swift; sourceTree = "<group>"; };
		3CC24B721CBC111F00ACC504 /* PendingDonationsDashboard.swift */ = {isa = PBXFileReference; fileEncoding = 4; lastKnownFileType = sourcecode.swift; path = PendingDonationsDashboard.swift; sourceTree = "<group>"; };
		3CC24B741CBC244C00ACC504 /* AcceptButton.swift */ = {isa = PBXFileReference; fileEncoding = 4; lastKnownFileType = sourcecode.swift; path = AcceptButton.swift; sourceTree = "<group>"; };
		3CFDE8141CAD4D8A00D6172B /* LoginProvider.swift */ = {isa = PBXFileReference; fileEncoding = 4; lastKnownFileType = sourcecode.swift; path = LoginProvider.swift; sourceTree = "<group>"; };
		3CFDE8151CAD4D8A00D6172B /* Main.storyboard */ = {isa = PBXFileReference; fileEncoding = 4; lastKnownFileType = file.storyboard; path = Main.storyboard; sourceTree = "<group>"; };
		3CFDE8201CAF26CB00D6172B /* DashboardViewCell.swift */ = {isa = PBXFileReference; fileEncoding = 4; lastKnownFileType = sourcecode.swift; path = DashboardViewCell.swift; sourceTree = "<group>"; };
		4404F6BF1CBD1B2C001B9293 /* UserDriverMock.json */ = {isa = PBXFileReference; fileEncoding = 4; lastKnownFileType = text.json; path = UserDriverMock.json; sourceTree = "<group>"; };
		442FE9751CC15CAD0002187D /* UserRegistration.swift */ = {isa = PBXFileReference; fileEncoding = 4; lastKnownFileType = sourcecode.swift; path = UserRegistration.swift; sourceTree = "<group>"; };
		442FE9771CC284230002187D /* UserLogin.swift */ = {isa = PBXFileReference; fileEncoding = 4; lastKnownFileType = sourcecode.swift; path = UserLogin.swift; sourceTree = "<group>"; };
		443D1DAA1CB6D57400E2E7B9 /* BEBAS___.ttf */ = {isa = PBXFileReference; lastKnownFileType = file; path = "BEBAS___.ttf"; sourceTree = "<group>"; };
		443D1DAB1CB6D57500E2E7B9 /* BebasNeue.otf */ = {isa = PBXFileReference; lastKnownFileType = file; path = BebasNeue.otf; sourceTree = "<group>"; };
		443D1DAC1CB6D57500E2E7B9 /* ColabThi.otf */ = {isa = PBXFileReference; lastKnownFileType = file; path = ColabThi.otf; sourceTree = "<group>"; };
		443D1DAD1CB6D57500E2E7B9 /* Deming EP.ttf */ = {isa = PBXFileReference; lastKnownFileType = file; path = "Deming EP.ttf"; sourceTree = "<group>"; };
		44484DDD1CAFD857002D7233 /* User.swift */ = {isa = PBXFileReference; fileEncoding = 4; lastKnownFileType = sourcecode.swift; path = User.swift; sourceTree = "<group>"; };
		44484DE01CAFD8C0002D7233 /* AuthProvider.swift */ = {isa = PBXFileReference; fileEncoding = 4; lastKnownFileType = sourcecode.swift; path = AuthProvider.swift; sourceTree = "<group>"; };
		44484DE21CAFDA45002D7233 /* Token.swift */ = {isa = PBXFileReference; fileEncoding = 4; lastKnownFileType = sourcecode.swift; path = Token.swift; sourceTree = "<group>"; };
		44484DE41CAFDED3002D7233 /* HTTPStatusCodes.swift */ = {isa = PBXFileReference; fileEncoding = 4; lastKnownFileType = sourcecode.swift; path = HTTPStatusCodes.swift; sourceTree = "<group>"; };
		44484DE61CAFFECA002D7233 /* UserRouter.swift */ = {isa = PBXFileReference; fileEncoding = 4; lastKnownFileType = sourcecode.swift; path = UserRouter.swift; sourceTree = "<group>"; };
		44573E5A1CAE740C00A5F1C3 /* ApiKeysDist.plist */ = {isa = PBXFileReference; fileEncoding = 4; lastKnownFileType = text.plist.xml; path = ApiKeysDist.plist; sourceTree = "<group>"; };
		44573E5E1CAEF20D00A5F1C3 /* Location.swift */ = {isa = PBXFileReference; fileEncoding = 4; lastKnownFileType = sourcecode.swift; path = Location.swift; sourceTree = "<group>"; };
		44573E601CAEF35F00A5F1C3 /* DonationType.swift */ = {isa = PBXFileReference; fileEncoding = 4; lastKnownFileType = sourcecode.swift; path = DonationType.swift; sourceTree = "<group>"; };
		44573E621CAEF37400A5F1C3 /* MetaData.swift */ = {isa = PBXFileReference; fileEncoding = 4; lastKnownFileType = sourcecode.swift; path = MetaData.swift; sourceTree = "<group>"; };
		44573E641CAEF68500A5F1C3 /* Participant.swift */ = {isa = PBXFileReference; fileEncoding = 4; lastKnownFileType = sourcecode.swift; path = Participant.swift; sourceTree = "<group>"; };
		44638F021CC3D160005379FE /* DonationsOverviewViewController.swift */ = {isa = PBXFileReference; fileEncoding = 4; lastKnownFileType = sourcecode.swift; path = DonationsOverviewViewController.swift; sourceTree = "<group>"; };
		44638F051CC3EDD0005379FE /* UIViewExtensions.swift */ = {isa = PBXFileReference; fileEncoding = 4; lastKnownFileType = sourcecode.swift; path = UIViewExtensions.swift; sourceTree = "<group>"; };
		4464177E1CB182AC00F37F17 /* Recipient.swift */ = {isa = PBXFileReference; fileEncoding = 4; lastKnownFileType = sourcecode.swift; path = Recipient.swift; sourceTree = "<group>"; };
		446417801CB1872500F37F17 /* Image.swift */ = {isa = PBXFileReference; fileEncoding = 4; lastKnownFileType = sourcecode.swift; path = Image.swift; sourceTree = "<group>"; };
		447CC8CA1CC9F0980021A3D9 /* DonationViewModel.swift */ = {isa = PBXFileReference; fileEncoding = 4; lastKnownFileType = sourcecode.swift; path = DonationViewModel.swift; sourceTree = "<group>"; };
		44A7250A1CAC444100D676C3 /* BaseRouter.swift */ = {isa = PBXFileReference; fileEncoding = 4; lastKnownFileType = sourcecode.swift; path = BaseRouter.swift; sourceTree = "<group>"; };
		44A7250C1CAC4E3C00D676C3 /* DonationRouter.swift */ = {isa = PBXFileReference; fileEncoding = 4; lastKnownFileType = sourcecode.swift; path = DonationRouter.swift; sourceTree = "<group>"; };
		44A7250F1CAC559500D676C3 /* Donation.swift */ = {isa = PBXFileReference; fileEncoding = 4; lastKnownFileType = sourcecode.swift; path = Donation.swift; sourceTree = "<group>"; };
		44AA631E1CB3F7AD005E02CC /* MenuTableViewController.swift */ = {isa = PBXFileReference; fileEncoding = 4; lastKnownFileType = sourcecode.swift; path = MenuTableViewController.swift; sourceTree = "<group>"; };
		44AEA8701CA9CBC100A52731 /* hackathon-for-hunger.app */ = {isa = PBXFileReference; explicitFileType = wrapper.application; includeInIndex = 0; path = "hackathon-for-hunger.app"; sourceTree = BUILT_PRODUCTS_DIR; };
		44AEA8731CA9CBC100A52731 /* AppDelegate.swift */ = {isa = PBXFileReference; lastKnownFileType = sourcecode.swift; path = AppDelegate.swift; sourceTree = "<group>"; };
		44AEA8751CA9CBC100A52731 /* LoginViewController.swift */ = {isa = PBXFileReference; lastKnownFileType = sourcecode.swift; path = LoginViewController.swift; sourceTree = "<group>"; };
		44AEA87A1CA9CBC100A52731 /* Assets.xcassets */ = {isa = PBXFileReference; lastKnownFileType = folder.assetcatalog; path = Assets.xcassets; sourceTree = "<group>"; };
		44AEA87D1CA9CBC100A52731 /* Base */ = {isa = PBXFileReference; lastKnownFileType = file.storyboard; name = Base; path = Base.lproj/LaunchScreen.storyboard; sourceTree = "<group>"; };
		44AEA87F1CA9CBC100A52731 /* Info.plist */ = {isa = PBXFileReference; lastKnownFileType = text.plist.xml; path = Info.plist; sourceTree = "<group>"; };
		44AEA8841CA9CBC100A52731 /* hackathon-for-hungerTests.xctest */ = {isa = PBXFileReference; explicitFileType = wrapper.cfbundle; includeInIndex = 0; path = "hackathon-for-hungerTests.xctest"; sourceTree = BUILT_PRODUCTS_DIR; };
		44AEA88A1CA9CBC100A52731 /* Info.plist */ = {isa = PBXFileReference; lastKnownFileType = text.plist.xml; path = Info.plist; sourceTree = "<group>"; };
		44B7EFF81CAD95A600E7C609 /* DrivrAPI.swift */ = {isa = PBXFileReference; fileEncoding = 4; lastKnownFileType = sourcecode.swift; path = DrivrAPI.swift; sourceTree = "<group>"; };
		44B7EFFF1CADAD5B00E7C609 /* DonationRouterTest.swift */ = {isa = PBXFileReference; fileEncoding = 4; lastKnownFileType = sourcecode.swift; path = DonationRouterTest.swift; sourceTree = "<group>"; };
		44C0CF511CBD670600EA3390 /* Setting.swift */ = {isa = PBXFileReference; fileEncoding = 4; lastKnownFileType = sourcecode.swift; path = Setting.swift; sourceTree = "<group>"; };
		44C0CF551CBD6B9100EA3390 /* UserDonorMock.json */ = {isa = PBXFileReference; fileEncoding = 4; lastKnownFileType = text.json; path = UserDonorMock.json; sourceTree = "<group>"; };
		44F857721CCAA7C700326293 /* CurrentDonationsDashboard.swift */ = {isa = PBXFileReference; fileEncoding = 4; lastKnownFileType = sourcecode.swift; path = CurrentDonationsDashboard.swift; sourceTree = "<group>"; };
		4809E5DB080879951A7B12E9 /* Pods_hackathon_for_hunger.framework */ = {isa = PBXFileReference; explicitFileType = wrapper.framework; includeInIndex = 0; path = Pods_hackathon_for_hunger.framework; sourceTree = BUILT_PRODUCTS_DIR; };
		634E34261CC84E7100DD48BF /* multiple-circle.png */ = {isa = PBXFileReference; lastKnownFileType = image.png; path = "multiple-circle.png"; sourceTree = "<group>"; };
		634E34271CC84E7100DD48BF /* multiple-circle@2x.png */ = {isa = PBXFileReference; lastKnownFileType = image.png; path = "multiple-circle@2x.png"; sourceTree = "<group>"; };
		634E34281CC84E7100DD48BF /* multiple-circle@3x.png */ = {isa = PBXFileReference; lastKnownFileType = image.png; path = "multiple-circle@3x.png"; sourceTree = "<group>"; };
		6352F18D1CC6114B0096FE59 /* directions_icon.pdf */ = {isa = PBXFileReference; lastKnownFileType = image.pdf; path = directions_icon.pdf; sourceTree = "<group>"; };
		6365C4701CC4C0CE004ABFF4 /* MapsModel.swift */ = {isa = PBXFileReference; fileEncoding = 4; lastKnownFileType = sourcecode.swift; path = MapsModel.swift; sourceTree = "<group>"; };
		6395C0861CB1D34A0059B5E1 /* ApiKeys.plist */ = {isa = PBXFileReference; fileEncoding = 4; lastKnownFileType = text.plist; path = ApiKeys.plist; sourceTree = "<group>"; };
		6395C0881CB1D69D0059B5E1 /* DonationMapOverviewVC.swift */ = {isa = PBXFileReference; fileEncoding = 4; lastKnownFileType = sourcecode.swift; path = DonationMapOverviewVC.swift; sourceTree = "<group>"; };
		6395C08B1CB1F2B50059B5E1 /* DonorInfo.swift */ = {isa = PBXFileReference; fileEncoding = 4; lastKnownFileType = sourcecode.swift; path = DonorInfo.swift; sourceTree = "<group>"; };
		6395C08D1CB247460059B5E1 /* DonationPin.swift */ = {isa = PBXFileReference; fileEncoding = 4; lastKnownFileType = sourcecode.swift; path = DonationPin.swift; sourceTree = "<group>"; };
		6395C08F1CB25D400059B5E1 /* MapsDummyData.swift */ = {isa = PBXFileReference; fileEncoding = 4; lastKnownFileType = sourcecode.swift; path = MapsDummyData.swift; sourceTree = "<group>"; };
		6395C0911CB83DE60059B5E1 /* Portland-BridgePortBrewPub.gpx */ = {isa = PBXFileReference; fileEncoding = 4; lastKnownFileType = text.xml; path = "Portland-BridgePortBrewPub.gpx"; sourceTree = "<group>"; };
		639C2E601CB8463900275C3E /* CoreLocation.framework */ = {isa = PBXFileReference; lastKnownFileType = wrapper.framework; name = CoreLocation.framework; path = System/Library/Frameworks/CoreLocation.framework; sourceTree = SDKROOT; };
		639F7E201CB87213009EC623 /* LocationManager.swift */ = {isa = PBXFileReference; fileEncoding = 4; lastKnownFileType = sourcecode.swift; path = LocationManager.swift; sourceTree = "<group>"; };
		639F7E221CB875A7009EC623 /* TempLocationVC.swift */ = {isa = PBXFileReference; fileEncoding = 4; lastKnownFileType = sourcecode.swift; path = TempLocationVC.swift; sourceTree = "<group>"; };
		639F7E241CB9730B009EC623 /* DriverMapDetailPendingVC.swift */ = {isa = PBXFileReference; fileEncoding = 4; lastKnownFileType = sourcecode.swift; path = DriverMapDetailPendingVC.swift; sourceTree = "<group>"; };
		63CAF7F21CC29BC4000D89A1 /* dropoff_icon.pdf */ = {isa = PBXFileReference; lastKnownFileType = image.pdf; path = dropoff_icon.pdf; sourceTree = "<group>"; };
		63CAF7F31CC29BC4000D89A1 /* pickup_icon.pdf */ = {isa = PBXFileReference; lastKnownFileType = image.pdf; path = pickup_icon.pdf; sourceTree = "<group>"; };
		63FB1DA31CBE312C00EDB80F /* DriverMapPickupVC.swift */ = {isa = PBXFileReference; fileEncoding = 4; lastKnownFileType = sourcecode.swift; path = DriverMapPickupVC.swift; sourceTree = "<group>"; };
		7D65AE8EA6D2673A5FC471F2 /* Pods-hackathon-for-hunger.debug.xcconfig */ = {isa = PBXFileReference; includeInIndex = 1; lastKnownFileType = text.xcconfig; name = "Pods-hackathon-for-hunger.debug.xcconfig"; path = "Pods/Target Support Files/Pods-hackathon-for-hunger/Pods-hackathon-for-hunger.debug.xcconfig"; sourceTree = "<group>"; };
		B85C423D9E60134D94E263D2 /* Pods-hackathon-for-hunger.release.xcconfig */ = {isa = PBXFileReference; includeInIndex = 1; lastKnownFileType = text.xcconfig; name = "Pods-hackathon-for-hunger.release.xcconfig"; path = "Pods/Target Support Files/Pods-hackathon-for-hunger/Pods-hackathon-for-hunger.release.xcconfig"; sourceTree = "<group>"; };
		EAAD23B91CB37FDB005FD787 /* SignUpViewController.swift */ = {isa = PBXFileReference; fileEncoding = 4; lastKnownFileType = sourcecode.swift; path = SignUpViewController.swift; sourceTree = "<group>"; };
		EAAD23BB1CB37FF8005FD787 /* VSUserInfoViewController.swift */ = {isa = PBXFileReference; fileEncoding = 4; lastKnownFileType = sourcecode.swift; path = VSUserInfoViewController.swift; sourceTree = "<group>"; };
		EAAD23BD1CB38014005FD787 /* VSAccountInfoViewController.swift */ = {isa = PBXFileReference; fileEncoding = 4; lastKnownFileType = sourcecode.swift; path = VSAccountInfoViewController.swift; sourceTree = "<group>"; };
		EAAD23BF1CB38028005FD787 /* DSUserInfoViewController.swift */ = {isa = PBXFileReference; fileEncoding = 4; lastKnownFileType = sourcecode.swift; path = DSUserInfoViewController.swift; sourceTree = "<group>"; };
		EAAD23C11CB3803A005FD787 /* DSAccountInfoViewController.swift */ = {isa = PBXFileReference; fileEncoding = 4; lastKnownFileType = sourcecode.swift; path = DSAccountInfoViewController.swift; sourceTree = "<group>"; };
		EAAD23C31CB389AC005FD787 /* SignUpNavigationViewController.swift */ = {isa = PBXFileReference; fileEncoding = 4; lastKnownFileType = sourcecode.swift; path = SignUpNavigationViewController.swift; sourceTree = "<group>"; };
		EAAD23C51CB72E3F005FD787 /* AwaitingApprovalDriverViewController.swift */ = {isa = PBXFileReference; fileEncoding = 4; lastKnownFileType = sourcecode.swift; path = AwaitingApprovalDriverViewController.swift; sourceTree = "<group>"; };
		EAFEDF991CC2E26800C30693 /* DonorSignupInfo.swift */ = {isa = PBXFileReference; fileEncoding = 4; lastKnownFileType = sourcecode.swift; path = DonorSignupInfo.swift; sourceTree = "<group>"; };
/* End PBXFileReference section */

/* Begin PBXFrameworksBuildPhase section */
		44AEA86D1CA9CBC100A52731 /* Frameworks */ = {
			isa = PBXFrameworksBuildPhase;
			buildActionMask = 2147483647;
			files = (
				69BBC19CAFAE9CEC7A5EECCE /* Pods_hackathon_for_hunger.framework in Frameworks */,
			);
			runOnlyForDeploymentPostprocessing = 0;
		};
		44AEA8811CA9CBC100A52731 /* Frameworks */ = {
			isa = PBXFrameworksBuildPhase;
			buildActionMask = 2147483647;
			files = (
			);
			runOnlyForDeploymentPostprocessing = 0;
		};
/* End PBXFrameworksBuildPhase section */

/* Begin PBXGroup section */
		205C055A7B919DE8749D43CD /* Frameworks */ = {
			isa = PBXGroup;
			children = (
				639C2E601CB8463900275C3E /* CoreLocation.framework */,
				4809E5DB080879951A7B12E9 /* Pods_hackathon_for_hunger.framework */,
			);
			name = Frameworks;
			sourceTree = "<group>";
		};
		4404F6BE1CBD1B11001B9293 /* MockData */ = {
			isa = PBXGroup;
			children = (
				4404F6BF1CBD1B2C001B9293 /* UserDriverMock.json */,
				44C0CF551CBD6B9100EA3390 /* UserDonorMock.json */,
			);
			name = MockData;
			sourceTree = "<group>";
		};
		442FE9721CC15C3B0002187D /* DTO */ = {
			isa = PBXGroup;
			children = (
				442FE9751CC15CAD0002187D /* UserRegistration.swift */,
				442FE9771CC284230002187D /* UserLogin.swift */,
			);
			name = DTO;
			sourceTree = "<group>";
		};
		443D1DA81CB6D56100E2E7B9 /* Assets */ = {
			isa = PBXGroup;
			children = (
				63CAF7F61CC29BD4000D89A1 /* images */,
				443D1DA91CB6D57400E2E7B9 /* Fonts */,
			);
			name = Assets;
			sourceTree = "<group>";
		};
		443D1DA91CB6D57400E2E7B9 /* Fonts */ = {
			isa = PBXGroup;
			children = (
				443D1DAA1CB6D57400E2E7B9 /* BEBAS___.ttf */,
				443D1DAB1CB6D57500E2E7B9 /* BebasNeue.otf */,
				443D1DAC1CB6D57500E2E7B9 /* ColabThi.otf */,
				443D1DAD1CB6D57500E2E7B9 /* Deming EP.ttf */,
			);
			path = Fonts;
			sourceTree = "<group>";
		};
		44484DDF1CAFD8B2002D7233 /* Auth */ = {
			isa = PBXGroup;
			children = (
				44484DE01CAFD8C0002D7233 /* AuthProvider.swift */,
			);
			name = Auth;
			sourceTree = "<group>";
		};
		44638F041CC3EDBA005379FE /* Extensions */ = {
			isa = PBXGroup;
			children = (
				44638F051CC3EDD0005379FE /* UIViewExtensions.swift */,
			);
			name = Extensions;
			sourceTree = "<group>";
		};
		447CC8C91CC9F07F0021A3D9 /* ViewModel */ = {
			isa = PBXGroup;
			children = (
				447CC8CA1CC9F0980021A3D9 /* DonationViewModel.swift */,
			);
			name = ViewModel;
			sourceTree = "<group>";
		};
		44A725081CAC441F00D676C3 /* Network */ = {
			isa = PBXGroup;
			children = (
				44B7EFF71CAD959400E7C609 /* API */,
				44A725091CAC442E00D676C3 /* Routing */,
				44484DE41CAFDED3002D7233 /* HTTPStatusCodes.swift */,
			);
			name = Network;
			sourceTree = "<group>";
		};
		44A725091CAC442E00D676C3 /* Routing */ = {
			isa = PBXGroup;
			children = (
				44A7250A1CAC444100D676C3 /* BaseRouter.swift */,
				44A7250C1CAC4E3C00D676C3 /* DonationRouter.swift */,
				44484DE61CAFFECA002D7233 /* UserRouter.swift */,
			);
			name = Routing;
			sourceTree = "<group>";
		};
		44A7250E1CAC4F2600D676C3 /* Models */ = {
			isa = PBXGroup;
			children = (
				EAFEDF981CC2E24700C30693 /* Signup */,
				442FE9721CC15C3B0002187D /* DTO */,
				4404F6BE1CBD1B11001B9293 /* MockData */,
				44A7250F1CAC559500D676C3 /* Donation.swift */,
				44573E5E1CAEF20D00A5F1C3 /* Location.swift */,
				44573E621CAEF37400A5F1C3 /* MetaData.swift */,
				44573E641CAEF68500A5F1C3 /* Participant.swift */,
				44484DDD1CAFD857002D7233 /* User.swift */,
				44484DE21CAFDA45002D7233 /* Token.swift */,
				4464177E1CB182AC00F37F17 /* Recipient.swift */,
				446417801CB1872500F37F17 /* Image.swift */,
				44C0CF511CBD670600EA3390 /* Setting.swift */,
			);
			name = Models;
			sourceTree = "<group>";
		};
		44AA631D1CB3F090005E02CC /* Menu */ = {
			isa = PBXGroup;
			children = (
				44AA631E1CB3F7AD005E02CC /* MenuTableViewController.swift */,
				3CC1ABCB1CC172E500E01EE0 /* MenuManager.swift */,
			);
			name = Menu;
			sourceTree = "<group>";
		};
		44AEA8671CA9CBC100A52731 = {
			isa = PBXGroup;
			children = (
				44AEA8721CA9CBC100A52731 /* hackathon-for-hunger */,
				44AEA8871CA9CBC100A52731 /* hackathon-for-hungerTests */,
				44AEA8711CA9CBC100A52731 /* Products */,
				9A1D0309B43AB0ACBBC48A9F /* Pods */,
				205C055A7B919DE8749D43CD /* Frameworks */,
			);
			sourceTree = "<group>";
		};
		44AEA8711CA9CBC100A52731 /* Products */ = {
			isa = PBXGroup;
			children = (
				44AEA8701CA9CBC100A52731 /* hackathon-for-hunger.app */,
				44AEA8841CA9CBC100A52731 /* hackathon-for-hungerTests.xctest */,
			);
			name = Products;
			sourceTree = "<group>";
		};
		44AEA8721CA9CBC100A52731 /* hackathon-for-hunger */ = {
			isa = PBXGroup;
			children = (
				447CC8C91CC9F07F0021A3D9 /* ViewModel */,
				44638F041CC3EDBA005379FE /* Extensions */,
				443D1DA81CB6D56100E2E7B9 /* Assets */,
				44484DDF1CAFD8B2002D7233 /* Auth */,
				44A7250E1CAC4F2600D676C3 /* Models */,
				EAAD23B71CB37B5A005FD787 /* Controller */,
				44A725081CAC441F00D676C3 /* Network */,
				44AEA8731CA9CBC100A52731 /* AppDelegate.swift */,
				3CFDE8151CAD4D8A00D6172B /* Main.storyboard */,
				3CC1ABC91CC15E8800E01EE0 /* ProfileViewController.swift */,
				3CC24B701CBC10A100ACC504 /* PendingDonationsDashboardTableViewCell.swift */,
				3CC24B741CBC244C00ACC504 /* AcceptButton.swift */,
				3CFDE8201CAF26CB00D6172B /* DashboardViewCell.swift */,
				44AEA87A1CA9CBC100A52731 /* Assets.xcassets */,
				44AEA87C1CA9CBC100A52731 /* LaunchScreen.storyboard */,
				44573E601CAEF35F00A5F1C3 /* DonationType.swift */,
				44AEA87F1CA9CBC100A52731 /* Info.plist */,
				44573E5A1CAE740C00A5F1C3 /* ApiKeysDist.plist */,
				6395C0861CB1D34A0059B5E1 /* ApiKeys.plist */,
				44638F021CC3D160005379FE /* DonationsOverviewViewController.swift */,
			);
			path = "hackathon-for-hunger";
			sourceTree = "<group>";
		};
		44AEA8871CA9CBC100A52731 /* hackathon-for-hungerTests */ = {
			isa = PBXGroup;
			children = (
				44B7EFFD1CADAD2300E7C609 /* Network */,
				44AEA88A1CA9CBC100A52731 /* Info.plist */,
			);
			path = "hackathon-for-hungerTests";
			sourceTree = "<group>";
		};
		44B7EFF71CAD959400E7C609 /* API */ = {
			isa = PBXGroup;
			children = (
				44B7EFF81CAD95A600E7C609 /* DrivrAPI.swift */,
			);
			name = API;
			sourceTree = "<group>";
		};
		44B7EFFD1CADAD2300E7C609 /* Network */ = {
			isa = PBXGroup;
			children = (
				44B7EFFE1CADAD3D00E7C609 /* Routing */,
			);
			name = Network;
			sourceTree = "<group>";
		};
		44B7EFFE1CADAD3D00E7C609 /* Routing */ = {
			isa = PBXGroup;
			children = (
				44B7EFFF1CADAD5B00E7C609 /* DonationRouterTest.swift */,
			);
			name = Routing;
			sourceTree = "<group>";
		};
		44E668C61CD28C5D009A4B10 /* Login */ = {
			isa = PBXGroup;
			children = (
				3CFDE8141CAD4D8A00D6172B /* LoginProvider.swift */,
				44AEA8751CA9CBC100A52731 /* LoginViewController.swift */,
			);
			name = Login;
			sourceTree = "<group>";
		};
		44F857711CCAA76000326293 /* Dashboards */ = {
			isa = PBXGroup;
			children = (
				3CC24B721CBC111F00ACC504 /* PendingDonationsDashboard.swift */,
				44F857721CCAA7C700326293 /* CurrentDonationsDashboard.swift */,
			);
			name = Dashboards;
			sourceTree = "<group>";
		};
		6395C08A1CB1D6A70059B5E1 /* Maps */ = {
			isa = PBXGroup;
			children = (
				6395C0911CB83DE60059B5E1 /* Portland-BridgePortBrewPub.gpx */,
				6395C0881CB1D69D0059B5E1 /* DonationMapOverviewVC.swift */,
				6395C08B1CB1F2B50059B5E1 /* DonorInfo.swift */,
				6395C08D1CB247460059B5E1 /* DonationPin.swift */,
				6395C08F1CB25D400059B5E1 /* MapsDummyData.swift */,
				639F7E201CB87213009EC623 /* LocationManager.swift */,
				639F7E221CB875A7009EC623 /* TempLocationVC.swift */,
				639F7E241CB9730B009EC623 /* DriverMapDetailPendingVC.swift */,
				63FB1DA31CBE312C00EDB80F /* DriverMapPickupVC.swift */,
				6365C4701CC4C0CE004ABFF4 /* MapsModel.swift */,
			);
			name = Maps;
			sourceTree = "<group>";
		};
		63CAF7F61CC29BD4000D89A1 /* images */ = {
			isa = PBXGroup;
			children = (
				634E34261CC84E7100DD48BF /* multiple-circle.png */,
				634E34271CC84E7100DD48BF /* multiple-circle@2x.png */,
				634E34281CC84E7100DD48BF /* multiple-circle@3x.png */,
				6352F18D1CC6114B0096FE59 /* directions_icon.pdf */,
				63CAF7F21CC29BC4000D89A1 /* dropoff_icon.pdf */,
				63CAF7F31CC29BC4000D89A1 /* pickup_icon.pdf */,
			);
			name = images;
			sourceTree = "<group>";
		};
		9A1D0309B43AB0ACBBC48A9F /* Pods */ = {
			isa = PBXGroup;
			children = (
				7D65AE8EA6D2673A5FC471F2 /* Pods-hackathon-for-hunger.debug.xcconfig */,
				B85C423D9E60134D94E263D2 /* Pods-hackathon-for-hunger.release.xcconfig */,
			);
			name = Pods;
			sourceTree = "<group>";
		};
		EAAD23B71CB37B5A005FD787 /* Controller */ = {
			isa = PBXGroup;
			children = (
				44E668C61CD28C5D009A4B10 /* Login */,
				44F857711CCAA76000326293 /* Dashboards */,
				44AA631D1CB3F090005E02CC /* Menu */,
				EAAD23B81CB37B78005FD787 /* SignUp */,
				6395C08A1CB1D6A70059B5E1 /* Maps */,
			);
			name = Controller;
			sourceTree = "<group>";
		};
		EAAD23B81CB37B78005FD787 /* SignUp */ = {
			isa = PBXGroup;
			children = (
				EAAD23B91CB37FDB005FD787 /* SignUpViewController.swift */,
				EAAD23BB1CB37FF8005FD787 /* VSUserInfoViewController.swift */,
				EAAD23BD1CB38014005FD787 /* VSAccountInfoViewController.swift */,
				EAAD23BF1CB38028005FD787 /* DSUserInfoViewController.swift */,
				EAAD23C11CB3803A005FD787 /* DSAccountInfoViewController.swift */,
				EAAD23C31CB389AC005FD787 /* SignUpNavigationViewController.swift */,
				EAAD23C51CB72E3F005FD787 /* AwaitingApprovalDriverViewController.swift */,
			);
			name = SignUp;
			sourceTree = "<group>";
		};
		EAFEDF981CC2E24700C30693 /* Signup */ = {
			isa = PBXGroup;
			children = (
				EAFEDF991CC2E26800C30693 /* DonorSignupInfo.swift */,
			);
			name = Signup;
			sourceTree = "<group>";
		};
/* End PBXGroup section */

/* Begin PBXNativeTarget section */
		44AEA86F1CA9CBC100A52731 /* hackathon-for-hunger */ = {
			isa = PBXNativeTarget;
			buildConfigurationList = 44AEA88D1CA9CBC100A52731 /* Build configuration list for PBXNativeTarget "hackathon-for-hunger" */;
			buildPhases = (
				9F9E1CDD37C5CAFAF97F23C7 /* Check Pods Manifest.lock */,
				44AEA86C1CA9CBC100A52731 /* Sources */,
				44AEA86D1CA9CBC100A52731 /* Frameworks */,
				44AEA86E1CA9CBC100A52731 /* Resources */,
				27EBF263E77011EE62326C4F /* Embed Pods Frameworks */,
				32FEFB19E10B36F0593F25C0 /* Copy Pods Resources */,
			);
			buildRules = (
			);
			dependencies = (
			);
			name = "hackathon-for-hunger";
			productName = "hackathon-for-hunger";
			productReference = 44AEA8701CA9CBC100A52731 /* hackathon-for-hunger.app */;
			productType = "com.apple.product-type.application";
		};
		44AEA8831CA9CBC100A52731 /* hackathon-for-hungerTests */ = {
			isa = PBXNativeTarget;
			buildConfigurationList = 44AEA8901CA9CBC100A52731 /* Build configuration list for PBXNativeTarget "hackathon-for-hungerTests" */;
			buildPhases = (
				44AEA8801CA9CBC100A52731 /* Sources */,
				44AEA8811CA9CBC100A52731 /* Frameworks */,
				44AEA8821CA9CBC100A52731 /* Resources */,
			);
			buildRules = (
			);
			dependencies = (
				44AEA8861CA9CBC100A52731 /* PBXTargetDependency */,
			);
			name = "hackathon-for-hungerTests";
			productName = "hackathon-for-hungerTests";
			productReference = 44AEA8841CA9CBC100A52731 /* hackathon-for-hungerTests.xctest */;
			productType = "com.apple.product-type.bundle.unit-test";
		};
/* End PBXNativeTarget section */

/* Begin PBXProject section */
		44AEA8681CA9CBC100A52731 /* Project object */ = {
			isa = PBXProject;
			attributes = {
				LastSwiftUpdateCheck = 0730;
				LastUpgradeCheck = 0730;
				ORGANIZATIONNAME = Hacksmiths;
				TargetAttributes = {
					44AEA86F1CA9CBC100A52731 = {
						CreatedOnToolsVersion = 7.3;
					};
					44AEA8831CA9CBC100A52731 = {
						CreatedOnToolsVersion = 7.3;
					};
				};
			};
			buildConfigurationList = 44AEA86B1CA9CBC100A52731 /* Build configuration list for PBXProject "hackathon-for-hunger" */;
			compatibilityVersion = "Xcode 3.2";
			developmentRegion = English;
			hasScannedForEncodings = 0;
			knownRegions = (
				en,
				Base,
			);
			mainGroup = 44AEA8671CA9CBC100A52731;
			productRefGroup = 44AEA8711CA9CBC100A52731 /* Products */;
			projectDirPath = "";
			projectRoot = "";
			targets = (
				44AEA86F1CA9CBC100A52731 /* hackathon-for-hunger */,
				44AEA8831CA9CBC100A52731 /* hackathon-for-hungerTests */,
			);
		};
/* End PBXProject section */

/* Begin PBXResourcesBuildPhase section */
		44AEA86E1CA9CBC100A52731 /* Resources */ = {
			isa = PBXResourcesBuildPhase;
			buildActionMask = 2147483647;
			files = (
				44AEA87E1CA9CBC100A52731 /* LaunchScreen.storyboard in Resources */,
				634E342B1CC84E7100DD48BF /* multiple-circle@3x.png in Resources */,
				634E34291CC84E7100DD48BF /* multiple-circle.png in Resources */,
				443D1DB01CB6D57500E2E7B9 /* ColabThi.otf in Resources */,
				F7AFF7E61CBAF252008C6004 /* ApiKeys.plist in Resources */,
				634E342A1CC84E7100DD48BF /* multiple-circle@2x.png in Resources */,
				443D1DB11CB6D57500E2E7B9 /* Deming EP.ttf in Resources */,
				6395C0921CB83DE60059B5E1 /* Portland-BridgePortBrewPub.gpx in Resources */,
				44573E5B1CAE740C00A5F1C3 /* ApiKeysDist.plist in Resources */,
				6352F18E1CC6114B0096FE59 /* directions_icon.pdf in Resources */,
				63CAF7F41CC29BC4000D89A1 /* dropoff_icon.pdf in Resources */,
				44AEA87B1CA9CBC100A52731 /* Assets.xcassets in Resources */,
				3CFDE8171CAD4D8A00D6172B /* Main.storyboard in Resources */,
				443D1DAF1CB6D57500E2E7B9 /* BebasNeue.otf in Resources */,
				44C0CF561CBD6B9100EA3390 /* UserDonorMock.json in Resources */,
				443D1DAE1CB6D57500E2E7B9 /* BEBAS___.ttf in Resources */,
				4404F6C01CBD1B2C001B9293 /* UserDriverMock.json in Resources */,
				63CAF7F51CC29BC4000D89A1 /* pickup_icon.pdf in Resources */,
			);
			runOnlyForDeploymentPostprocessing = 0;
		};
		44AEA8821CA9CBC100A52731 /* Resources */ = {
			isa = PBXResourcesBuildPhase;
			buildActionMask = 2147483647;
			files = (
				F7AFF7E51CBAD430008C6004 /* ApiKeys.plist in Resources */,
			);
			runOnlyForDeploymentPostprocessing = 0;
		};
/* End PBXResourcesBuildPhase section */

/* Begin PBXShellScriptBuildPhase section */
		27EBF263E77011EE62326C4F /* Embed Pods Frameworks */ = {
			isa = PBXShellScriptBuildPhase;
			buildActionMask = 2147483647;
			files = (
			);
			inputPaths = (
			);
			name = "Embed Pods Frameworks";
			outputPaths = (
			);
			runOnlyForDeploymentPostprocessing = 0;
			shellPath = /bin/sh;
			shellScript = "\"${SRCROOT}/Pods/Target Support Files/Pods-hackathon-for-hunger/Pods-hackathon-for-hunger-frameworks.sh\"\n";
			showEnvVarsInLog = 0;
		};
		32FEFB19E10B36F0593F25C0 /* Copy Pods Resources */ = {
			isa = PBXShellScriptBuildPhase;
			buildActionMask = 2147483647;
			files = (
			);
			inputPaths = (
			);
			name = "Copy Pods Resources";
			outputPaths = (
			);
			runOnlyForDeploymentPostprocessing = 0;
			shellPath = /bin/sh;
			shellScript = "\"${SRCROOT}/Pods/Target Support Files/Pods-hackathon-for-hunger/Pods-hackathon-for-hunger-resources.sh\"\n";
			showEnvVarsInLog = 0;
		};
		9F9E1CDD37C5CAFAF97F23C7 /* Check Pods Manifest.lock */ = {
			isa = PBXShellScriptBuildPhase;
			buildActionMask = 2147483647;
			files = (
			);
			inputPaths = (
			);
			name = "Check Pods Manifest.lock";
			outputPaths = (
			);
			runOnlyForDeploymentPostprocessing = 0;
			shellPath = /bin/sh;
			shellScript = "diff \"${PODS_ROOT}/../Podfile.lock\" \"${PODS_ROOT}/Manifest.lock\" > /dev/null\nif [[ $? != 0 ]] ; then\n    cat << EOM\nerror: The sandbox is not in sync with the Podfile.lock. Run 'pod install' or update your CocoaPods installation.\nEOM\n    exit 1\nfi\n";
			showEnvVarsInLog = 0;
		};
/* End PBXShellScriptBuildPhase section */

/* Begin PBXSourcesBuildPhase section */
		44AEA86C1CA9CBC100A52731 /* Sources */ = {
			isa = PBXSourcesBuildPhase;
			buildActionMask = 2147483647;
			files = (
				3CC1ABCC1CC172E500E01EE0 /* MenuManager.swift in Sources */,
				44AEA8761CA9CBC100A52731 /* LoginViewController.swift in Sources */,
				3CFDE8161CAD4D8A00D6172B /* LoginProvider.swift in Sources */,
				4464177F1CB182AC00F37F17 /* Recipient.swift in Sources */,
				3CFDE8211CAF26CB00D6172B /* DashboardViewCell.swift in Sources */,
				44B7EFF91CAD95A600E7C609 /* DrivrAPI.swift in Sources */,
				3CC24B711CBC10A100ACC504 /* PendingDonationsDashboardTableViewCell.swift in Sources */,
				44A7250D1CAC4E3C00D676C3 /* DonationRouter.swift in Sources */,
				44573E611CAEF35F00A5F1C3 /* DonationType.swift in Sources */,
				EAAD23BC1CB37FF8005FD787 /* VSUserInfoViewController.swift in Sources */,
				44484DE71CAFFECA002D7233 /* UserRouter.swift in Sources */,
				6365C4711CC4C0CE004ABFF4 /* MapsModel.swift in Sources */,
				44A7250B1CAC444100D676C3 /* BaseRouter.swift in Sources */,
				6395C0901CB25D400059B5E1 /* MapsDummyData.swift in Sources */,
				446417811CB1872500F37F17 /* Image.swift in Sources */,
				44484DE51CAFDED3002D7233 /* HTTPStatusCodes.swift in Sources */,
				3CC24B751CBC244C00ACC504 /* AcceptButton.swift in Sources */,
				44F857731CCAA7C700326293 /* CurrentDonationsDashboard.swift in Sources */,
				639F7E211CB87213009EC623 /* LocationManager.swift in Sources */,
				63FB1DA41CBE312C00EDB80F /* DriverMapPickupVC.swift in Sources */,
				442FE9761CC15CAD0002187D /* UserRegistration.swift in Sources */,
				6395C0891CB1D69D0059B5E1 /* DonationMapOverviewVC.swift in Sources */,
				44573E631CAEF37400A5F1C3 /* MetaData.swift in Sources */,
				44484DE11CAFD8C0002D7233 /* AuthProvider.swift in Sources */,
				EAAD23C21CB3803A005FD787 /* DSAccountInfoViewController.swift in Sources */,
				EAAD23C41CB389AC005FD787 /* SignUpNavigationViewController.swift in Sources */,
				EAAD23C61CB72E3F005FD787 /* AwaitingApprovalDriverViewController.swift in Sources */,
				EAFEDF9A1CC2E26800C30693 /* DonorSignupInfo.swift in Sources */,
				44A725101CAC559500D676C3 /* Donation.swift in Sources */,
				44638F031CC3D160005379FE /* DonationsOverviewViewController.swift in Sources */,
				442FE9781CC284230002187D /* UserLogin.swift in Sources */,
				44AA631F1CB3F7AD005E02CC /* MenuTableViewController.swift in Sources */,
				3CC24B731CBC111F00ACC504 /* PendingDonationsDashboard.swift in Sources */,
				44573E651CAEF68500A5F1C3 /* Participant.swift in Sources */,
				639F7E231CB875A7009EC623 /* TempLocationVC.swift in Sources */,
				EAAD23C01CB38028005FD787 /* DSUserInfoViewController.swift in Sources */,
				44C0CF521CBD670600EA3390 /* Setting.swift in Sources */,
				44AEA8741CA9CBC100A52731 /* AppDelegate.swift in Sources */,
				639F7E251CB9730B009EC623 /* DriverMapDetailPendingVC.swift in Sources */,
				44573E5F1CAEF20D00A5F1C3 /* Location.swift in Sources */,
				44484DE31CAFDA45002D7233 /* Token.swift in Sources */,
				6395C08C1CB1F2B50059B5E1 /* DonorInfo.swift in Sources */,
				3CC1ABCA1CC15E8800E01EE0 /* ProfileViewController.swift in Sources */,
				447CC8CB1CC9F0980021A3D9 /* DonationViewModel.swift in Sources */,
				44484DDE1CAFD857002D7233 /* User.swift in Sources */,
				EAAD23BA1CB37FDB005FD787 /* SignUpViewController.swift in Sources */,
				44638F061CC3EDD0005379FE /* UIViewExtensions.swift in Sources */,
				6395C08E1CB247460059B5E1 /* DonationPin.swift in Sources */,
				EAAD23BE1CB38014005FD787 /* VSAccountInfoViewController.swift in Sources */,
			);
			runOnlyForDeploymentPostprocessing = 0;
		};
		44AEA8801CA9CBC100A52731 /* Sources */ = {
			isa = PBXSourcesBuildPhase;
			buildActionMask = 2147483647;
			files = (
				44B7F0001CADAD5B00E7C609 /* DonationRouterTest.swift in Sources */,
			);
			runOnlyForDeploymentPostprocessing = 0;
		};
/* End PBXSourcesBuildPhase section */

/* Begin PBXTargetDependency section */
		44AEA8861CA9CBC100A52731 /* PBXTargetDependency */ = {
			isa = PBXTargetDependency;
			target = 44AEA86F1CA9CBC100A52731 /* hackathon-for-hunger */;
			targetProxy = 44AEA8851CA9CBC100A52731 /* PBXContainerItemProxy */;
		};
/* End PBXTargetDependency section */

/* Begin PBXVariantGroup section */
		44AEA87C1CA9CBC100A52731 /* LaunchScreen.storyboard */ = {
			isa = PBXVariantGroup;
			children = (
				44AEA87D1CA9CBC100A52731 /* Base */,
			);
			name = LaunchScreen.storyboard;
			sourceTree = "<group>";
		};
/* End PBXVariantGroup section */

/* Begin XCBuildConfiguration section */
		44AEA88B1CA9CBC100A52731 /* Debug */ = {
			isa = XCBuildConfiguration;
			buildSettings = {
				ALWAYS_SEARCH_USER_PATHS = NO;
				CLANG_ANALYZER_NONNULL = YES;
				CLANG_CXX_LANGUAGE_STANDARD = "gnu++0x";
				CLANG_CXX_LIBRARY = "libc++";
				CLANG_ENABLE_MODULES = YES;
				CLANG_ENABLE_OBJC_ARC = YES;
				CLANG_WARN_BOOL_CONVERSION = YES;
				CLANG_WARN_CONSTANT_CONVERSION = YES;
				CLANG_WARN_DIRECT_OBJC_ISA_USAGE = YES_ERROR;
				CLANG_WARN_EMPTY_BODY = YES;
				CLANG_WARN_ENUM_CONVERSION = YES;
				CLANG_WARN_INT_CONVERSION = YES;
				CLANG_WARN_OBJC_ROOT_CLASS = YES_ERROR;
				CLANG_WARN_UNREACHABLE_CODE = YES;
				CLANG_WARN__DUPLICATE_METHOD_MATCH = YES;
				"CODE_SIGN_IDENTITY[sdk=iphoneos*]" = "iPhone Developer";
				COPY_PHASE_STRIP = NO;
				DEBUG_INFORMATION_FORMAT = dwarf;
				ENABLE_STRICT_OBJC_MSGSEND = YES;
				ENABLE_TESTABILITY = YES;
				GCC_C_LANGUAGE_STANDARD = gnu99;
				GCC_DYNAMIC_NO_PIC = NO;
				GCC_NO_COMMON_BLOCKS = YES;
				GCC_OPTIMIZATION_LEVEL = 0;
				GCC_PREPROCESSOR_DEFINITIONS = (
					"DEBUG=1",
					"$(inherited)",
				);
				GCC_WARN_64_TO_32_BIT_CONVERSION = YES;
				GCC_WARN_ABOUT_RETURN_TYPE = YES_ERROR;
				GCC_WARN_UNDECLARED_SELECTOR = YES;
				GCC_WARN_UNINITIALIZED_AUTOS = YES_AGGRESSIVE;
				GCC_WARN_UNUSED_FUNCTION = YES;
				GCC_WARN_UNUSED_VARIABLE = YES;
				IPHONEOS_DEPLOYMENT_TARGET = 9.3;
				MTL_ENABLE_DEBUG_INFO = YES;
				ONLY_ACTIVE_ARCH = YES;
				SDKROOT = iphoneos;
				SWIFT_OPTIMIZATION_LEVEL = "-Onone";
				TARGETED_DEVICE_FAMILY = "1,2";
			};
			name = Debug;
		};
		44AEA88C1CA9CBC100A52731 /* Release */ = {
			isa = XCBuildConfiguration;
			buildSettings = {
				ALWAYS_SEARCH_USER_PATHS = NO;
				CLANG_ANALYZER_NONNULL = YES;
				CLANG_CXX_LANGUAGE_STANDARD = "gnu++0x";
				CLANG_CXX_LIBRARY = "libc++";
				CLANG_ENABLE_MODULES = YES;
				CLANG_ENABLE_OBJC_ARC = YES;
				CLANG_WARN_BOOL_CONVERSION = YES;
				CLANG_WARN_CONSTANT_CONVERSION = YES;
				CLANG_WARN_DIRECT_OBJC_ISA_USAGE = YES_ERROR;
				CLANG_WARN_EMPTY_BODY = YES;
				CLANG_WARN_ENUM_CONVERSION = YES;
				CLANG_WARN_INT_CONVERSION = YES;
				CLANG_WARN_OBJC_ROOT_CLASS = YES_ERROR;
				CLANG_WARN_UNREACHABLE_CODE = YES;
				CLANG_WARN__DUPLICATE_METHOD_MATCH = YES;
				"CODE_SIGN_IDENTITY[sdk=iphoneos*]" = "iPhone Developer";
				COPY_PHASE_STRIP = NO;
				DEBUG_INFORMATION_FORMAT = "dwarf-with-dsym";
				ENABLE_NS_ASSERTIONS = NO;
				ENABLE_STRICT_OBJC_MSGSEND = YES;
				GCC_C_LANGUAGE_STANDARD = gnu99;
				GCC_NO_COMMON_BLOCKS = YES;
				GCC_WARN_64_TO_32_BIT_CONVERSION = YES;
				GCC_WARN_ABOUT_RETURN_TYPE = YES_ERROR;
				GCC_WARN_UNDECLARED_SELECTOR = YES;
				GCC_WARN_UNINITIALIZED_AUTOS = YES_AGGRESSIVE;
				GCC_WARN_UNUSED_FUNCTION = YES;
				GCC_WARN_UNUSED_VARIABLE = YES;
				IPHONEOS_DEPLOYMENT_TARGET = 9.3;
				MTL_ENABLE_DEBUG_INFO = NO;
				SDKROOT = iphoneos;
				TARGETED_DEVICE_FAMILY = "1,2";
				VALIDATE_PRODUCT = YES;
			};
			name = Release;
		};
		44AEA88E1CA9CBC100A52731 /* Debug */ = {
			isa = XCBuildConfiguration;
			baseConfigurationReference = 7D65AE8EA6D2673A5FC471F2 /* Pods-hackathon-for-hunger.debug.xcconfig */;
			buildSettings = {
				ASSETCATALOG_COMPILER_APPICON_NAME = AppIcon;
				CODE_SIGN_IDENTITY = "iPhone Developer";
				"CODE_SIGN_IDENTITY[sdk=iphoneos*]" = "iPhone Developer";
				INFOPLIST_FILE = "hackathon-for-hunger/Info.plist";
				IPHONEOS_DEPLOYMENT_TARGET = 9.0;
				LD_RUNPATH_SEARCH_PATHS = "$(inherited) @executable_path/Frameworks";
				PRODUCT_BUNDLE_IDENTIFIER = "com.hacksmiths.hackathon-for-hunger";
				PRODUCT_NAME = "$(TARGET_NAME)";
				PROVISIONING_PROFILE = "";
			};
			name = Debug;
		};
		44AEA88F1CA9CBC100A52731 /* Release */ = {
			isa = XCBuildConfiguration;
			baseConfigurationReference = B85C423D9E60134D94E263D2 /* Pods-hackathon-for-hunger.release.xcconfig */;
			buildSettings = {
				ASSETCATALOG_COMPILER_APPICON_NAME = AppIcon;
				CODE_SIGN_IDENTITY = "iPhone Developer";
				"CODE_SIGN_IDENTITY[sdk=iphoneos*]" = "iPhone Developer";
				INFOPLIST_FILE = "hackathon-for-hunger/Info.plist";
				IPHONEOS_DEPLOYMENT_TARGET = 9.0;
				LD_RUNPATH_SEARCH_PATHS = "$(inherited) @executable_path/Frameworks";
				PRODUCT_BUNDLE_IDENTIFIER = "com.hacksmiths.hackathon-for-hunger";
				PRODUCT_NAME = "$(TARGET_NAME)";
				PROVISIONING_PROFILE = "";
			};
			name = Release;
		};
		44AEA8911CA9CBC100A52731 /* Debug */ = {
			isa = XCBuildConfiguration;
			buildSettings = {
				INFOPLIST_FILE = "hackathon-for-hungerTests/Info.plist";
				IPHONEOS_DEPLOYMENT_TARGET = 9.2;
				LD_RUNPATH_SEARCH_PATHS = "$(inherited) @executable_path/Frameworks @loader_path/Frameworks";
				PRODUCT_BUNDLE_IDENTIFIER = "com.hacksmiths.hackathon-for-hungerTests";
				PRODUCT_NAME = "$(TARGET_NAME)";
			};
			name = Debug;
		};
		44AEA8921CA9CBC100A52731 /* Release */ = {
			isa = XCBuildConfiguration;
			buildSettings = {
				INFOPLIST_FILE = "hackathon-for-hungerTests/Info.plist";
				IPHONEOS_DEPLOYMENT_TARGET = 9.2;
				LD_RUNPATH_SEARCH_PATHS = "$(inherited) @executable_path/Frameworks @loader_path/Frameworks";
				PRODUCT_BUNDLE_IDENTIFIER = "com.hacksmiths.hackathon-for-hungerTests";
				PRODUCT_NAME = "$(TARGET_NAME)";
			};
			name = Release;
		};
/* End XCBuildConfiguration section */

/* Begin XCConfigurationList section */
		44AEA86B1CA9CBC100A52731 /* Build configuration list for PBXProject "hackathon-for-hunger" */ = {
			isa = XCConfigurationList;
			buildConfigurations = (
				44AEA88B1CA9CBC100A52731 /* Debug */,
				44AEA88C1CA9CBC100A52731 /* Release */,
			);
			defaultConfigurationIsVisible = 0;
			defaultConfigurationName = Release;
		};
		44AEA88D1CA9CBC100A52731 /* Build configuration list for PBXNativeTarget "hackathon-for-hunger" */ = {
			isa = XCConfigurationList;
			buildConfigurations = (
				44AEA88E1CA9CBC100A52731 /* Debug */,
				44AEA88F1CA9CBC100A52731 /* Release */,
			);
			defaultConfigurationIsVisible = 0;
			defaultConfigurationName = Release;
		};
		44AEA8901CA9CBC100A52731 /* Build configuration list for PBXNativeTarget "hackathon-for-hungerTests" */ = {
			isa = XCConfigurationList;
			buildConfigurations = (
				44AEA8911CA9CBC100A52731 /* Debug */,
				44AEA8921CA9CBC100A52731 /* Release */,
			);
			defaultConfigurationIsVisible = 0;
			defaultConfigurationName = Release;
		};
/* End XCConfigurationList section */
	};
	rootObject = 44AEA8681CA9CBC100A52731 /* Project object */;
}
